
Microsoft Visual Studio Solution File, Format Version 12.00
# Visual Studio Version 17
VisualStudioVersion = 17.11.35327.3
MinimumVisualStudioVersion = 10.0.40219.1
Project("{FAE04EC0-301F-11D3-BF4B-00C04F79EFBC}") = "TestEnvironment.Web", "TestEnvironment.Web\TestEnvironment.Web.csproj", "{C0169380-6380-4473-A692-EC9A856667DB}"
EndProject
Project("{2150E333-8FDC-42A3-9474-1A3956D46DE8}") = "Data", "Data", "{15ADC7A9-8871-41FF-8738-C4CC5C81E6BE}"
EndProject
Project("{2150E333-8FDC-42A3-9474-1A3956D46DE8}") = "Services", "Services", "{032BB649-D3AC-449D-9FB3-06D4BD831AFA}"
EndProject
Project("{2150E333-8FDC-42A3-9474-1A3956D46DE8}") = "Tests", "Tests", "{88B5B06E-5289-4923-8E27-9015A3F32776}"
EndProject
Project("{2150E333-8FDC-42A3-9474-1A3956D46DE8}") = "Web", "Web", "{D519224A-31BE-42AA-8557-DFDD4A264099}"
EndProject
Project("{FAE04EC0-301F-11D3-BF4B-00C04F79EFBC}") = "TestEnvironment.Web.ViewModels", "TestEnvironment.ViewModels\TestEnvironment.Web.ViewModels.csproj", "{CC627C67-C882-49AE-B000-90BE0D6B64E4}"
EndProject
Project("{FAE04EC0-301F-11D3-BF4B-00C04F79EFBC}") = "TestEnvironment.GCommon", "TestEnvironment.GCommon\TestEnvironment.GCommon.csproj", "{ED172109-C663-42D3-9CDC-D666CC03A29F}"
EndProject
Project("{FAE04EC0-301F-11D3-BF4B-00C04F79EFBC}") = "TestEnvironment.Data", "TestEnvironment.Data\TestEnvironment.Data.csproj", "{1D550492-B10E-41F1-883A-F5D920359789}"
EndProject
Project("{FAE04EC0-301F-11D3-BF4B-00C04F79EFBC}") = "TestEnvironment.Data.Common", "TestEnvironment.Data.Common\TestEnvironment.Data.Common.csproj", "{37D762D8-9CDA-4B17-A684-3258C527855A}"
EndProject
Project("{FAE04EC0-301F-11D3-BF4B-00C04F79EFBC}") = "TestEnvironment.Data.Models", "TestEnvironment.Data.Models\TestEnvironment.Data.Models.csproj", "{85E760E6-1650-4EFA-B32D-2AB6B4A4C915}"
EndProject
Project("{FAE04EC0-301F-11D3-BF4B-00C04F79EFBC}") = "TestEnvironment.Services.Common", "TestEnvironment.Services.Common\TestEnvironment.Services.Common.csproj", "{AFC5D66A-6C32-4D8B-A1B2-9A4156AFAC21}"
EndProject
Project("{FAE04EC0-301F-11D3-BF4B-00C04F79EFBC}") = "TestEnvironment.Services.Core", "TestEnvironment.Services.Core\TestEnvironment.Services.Core.csproj", "{1A497CA3-DAD4-45DD-9244-8A531E1C92FA}"
EndProject
Project("{FAE04EC0-301F-11D3-BF4B-00C04F79EFBC}") = "TestEnvironment.Web.Infrastructure", "TestEnvironment.Web.Infrastructure\TestEnvironment.Web.Infrastructure.csproj", "{34242F46-8C13-45F5-B806-9D6D8BA16C5B}"
EndProject
Global
	GlobalSection(SolutionConfigurationPlatforms) = preSolution
		Debug|Any CPU = Debug|Any CPU
		Release|Any CPU = Release|Any CPU
	EndGlobalSection
	GlobalSection(ProjectConfigurationPlatforms) = postSolution
		{C0169380-6380-4473-A692-EC9A856667DB}.Debug|Any CPU.ActiveCfg = Debug|Any CPU
		{C0169380-6380-4473-A692-EC9A856667DB}.Debug|Any CPU.Build.0 = Debug|Any CPU
		{C0169380-6380-4473-A692-EC9A856667DB}.Release|Any CPU.ActiveCfg = Release|Any CPU
		{C0169380-6380-4473-A692-EC9A856667DB}.Release|Any CPU.Build.0 = Release|Any CPU
		{CC627C67-C882-49AE-B000-90BE0D6B64E4}.Debug|Any CPU.ActiveCfg = Debug|Any CPU
		{CC627C67-C882-49AE-B000-90BE0D6B64E4}.Debug|Any CPU.Build.0 = Debug|Any CPU
		{CC627C67-C882-49AE-B000-90BE0D6B64E4}.Release|Any CPU.ActiveCfg = Release|Any CPU
		{CC627C67-C882-49AE-B000-90BE0D6B64E4}.Release|Any CPU.Build.0 = Release|Any CPU
		{ED172109-C663-42D3-9CDC-D666CC03A29F}.Debug|Any CPU.ActiveCfg = Debug|Any CPU
		{ED172109-C663-42D3-9CDC-D666CC03A29F}.Debug|Any CPU.Build.0 = Debug|Any CPU
		{ED172109-C663-42D3-9CDC-D666CC03A29F}.Release|Any CPU.ActiveCfg = Release|Any CPU
		{ED172109-C663-42D3-9CDC-D666CC03A29F}.Release|Any CPU.Build.0 = Release|Any CPU
		{1D550492-B10E-41F1-883A-F5D920359789}.Debug|Any CPU.ActiveCfg = Debug|Any CPU
		{1D550492-B10E-41F1-883A-F5D920359789}.Debug|Any CPU.Build.0 = Debug|Any CPU
		{1D550492-B10E-41F1-883A-F5D920359789}.Release|Any CPU.ActiveCfg = Release|Any CPU
		{1D550492-B10E-41F1-883A-F5D920359789}.Release|Any CPU.Build.0 = Release|Any CPU
		{37D762D8-9CDA-4B17-A684-3258C527855A}.Debug|Any CPU.ActiveCfg = Debug|Any CPU
		{37D762D8-9CDA-4B17-A684-3258C527855A}.Debug|Any CPU.Build.0 = Debug|Any CPU
		{37D762D8-9CDA-4B17-A684-3258C527855A}.Release|Any CPU.ActiveCfg = Release|Any CPU
		{37D762D8-9CDA-4B17-A684-3258C527855A}.Release|Any CPU.Build.0 = Release|Any CPU
		{85E760E6-1650-4EFA-B32D-2AB6B4A4C915}.Debug|Any CPU.ActiveCfg = Debug|Any CPU
		{85E760E6-1650-4EFA-B32D-2AB6B4A4C915}.Debug|Any CPU.Build.0 = Debug|Any CPU
		{85E760E6-1650-4EFA-B32D-2AB6B4A4C915}.Release|Any CPU.ActiveCfg = Release|Any CPU
		{85E760E6-1650-4EFA-B32D-2AB6B4A4C915}.Release|Any CPU.Build.0 = Release|Any CPU
		{AFC5D66A-6C32-4D8B-A1B2-9A4156AFAC21}.Debug|Any CPU.ActiveCfg = Debug|Any CPU
		{AFC5D66A-6C32-4D8B-A1B2-9A4156AFAC21}.Debug|Any CPU.Build.0 = Debug|Any CPU
		{AFC5D66A-6C32-4D8B-A1B2-9A4156AFAC21}.Release|Any CPU.ActiveCfg = Release|Any CPU
		{AFC5D66A-6C32-4D8B-A1B2-9A4156AFAC21}.Release|Any CPU.Build.0 = Release|Any CPU
		{1A497CA3-DAD4-45DD-9244-8A531E1C92FA}.Debug|Any CPU.ActiveCfg = Debug|Any CPU
		{1A497CA3-DAD4-45DD-9244-8A531E1C92FA}.Debug|Any CPU.Build.0 = Debug|Any CPU
		{1A497CA3-DAD4-45DD-9244-8A531E1C92FA}.Release|Any CPU.ActiveCfg = Release|Any CPU
		{1A497CA3-DAD4-45DD-9244-8A531E1C92FA}.Release|Any CPU.Build.0 = Release|Any CPU
		{34242F46-8C13-45F5-B806-9D6D8BA16C5B}.Debug|Any CPU.ActiveCfg = Debug|Any CPU
		{34242F46-8C13-45F5-B806-9D6D8BA16C5B}.Debug|Any CPU.Build.0 = Debug|Any CPU
		{34242F46-8C13-45F5-B806-9D6D8BA16C5B}.Release|Any CPU.ActiveCfg = Release|Any CPU
		{34242F46-8C13-45F5-B806-9D6D8BA16C5B}.Release|Any CPU.Build.0 = Release|Any CPU
	EndGlobalSection
	GlobalSection(SolutionProperties) = preSolution
		HideSolutionNode = FALSE
	EndGlobalSection
	GlobalSection(NestedProjects) = preSolution
		{C0169380-6380-4473-A692-EC9A856667DB} = {D519224A-31BE-42AA-8557-DFDD4A264099}
		{CC627C67-C882-49AE-B000-90BE0D6B64E4} = {D519224A-31BE-42AA-8557-DFDD4A264099}
		{1D550492-B10E-41F1-883A-F5D920359789} = {15ADC7A9-8871-41FF-8738-C4CC5C81E6BE}
		{37D762D8-9CDA-4B17-A684-3258C527855A} = {15ADC7A9-8871-41FF-8738-C4CC5C81E6BE}
		{85E760E6-1650-4EFA-B32D-2AB6B4A4C915} = {15ADC7A9-8871-41FF-8738-C4CC5C81E6BE}
		{AFC5D66A-6C32-4D8B-A1B2-9A4156AFAC21} = {032BB649-D3AC-449D-9FB3-06D4BD831AFA}
		{1A497CA3-DAD4-45DD-9244-8A531E1C92FA} = {032BB649-D3AC-449D-9FB3-06D4BD831AFA}
		{34242F46-8C13-45F5-B806-9D6D8BA16C5B} = {D519224A-31BE-42AA-8557-DFDD4A264099}
	EndGlobalSection
	GlobalSection(ExtensibilityGlobals) = postSolution
		SolutionGuid = {E91D900F-471D-45F4-91C0-0688629035CF}
	EndGlobalSection
EndGlobal
